<?xml version="1.0" encoding="utf-8"?>
<Project ToolsVersion="4.0" xmlns="http://schemas.microsoft.com/developer/msbuild/2003">
  <ItemGroup>
    <Filter Include="Source Files">
      <UniqueIdentifier>{4FC737F1-C7A5-4376-A066-2A32D752A2FF}</UniqueIdentifier>
      <Extensions>cpp;cxx;c;def</Extensions>
      <ParseFiles>true</ParseFiles>
    </Filter>
    <Filter Include="Header Files">
      <UniqueIdentifier>{93995380-89BD-4b04-88EB-625FBE52EBFB}</UniqueIdentifier>
      <Extensions>h</Extensions>
      <ParseFiles>true</ParseFiles>
    </Filter>
    <Filter Include="Generated Files">
      <UniqueIdentifier>{71ED8ED8-ACB9-4CE9-BBE1-E00B30144E11}</UniqueIdentifier>
      <Extensions>moc;h;cpp</Extensions>
      <ParseFiles>true</ParseFiles>
    </Filter>
    <Filter Include="Generated Files\Debug">
      <UniqueIdentifier>{5b927c8f-bf0d-435a-ab26-5795512d6106}</UniqueIdentifier>
      <Extensions>cpp;moc</Extensions>
      <SourceControlFiles>False</SourceControlFiles>
    </Filter>
    <Filter Include="Generated Files\Release">
      <UniqueIdentifier>{e99f062d-d051-47cb-8b04-d09975eea6a6}</UniqueIdentifier>
      <Extensions>cpp;moc</Extensions>
      <SourceControlFiles>False</SourceControlFiles>
    </Filter>
    <Filter Include="Form Files">
      <UniqueIdentifier>{99349809-55BA-4b9d-BF79-8FDBB0286EB3}</UniqueIdentifier>
      <Extensions>ui</Extensions>
      <ParseFiles>true</ParseFiles>
    </Filter>
  </ItemGroup>
  <ItemGroup>
    <ClCompile Include="main.cpp">
      <Filter>Source Files</Filter>
    </ClCompile>
    <ClCompile Include="SMMainWindow.cpp">
      <Filter>Source Files</Filter>
    </ClCompile>
    <ClCompile Include="GeneratedFiles\Debug\moc_SMMainWindow.cpp">
      <Filter>Generated Files\Debug</Filter>
    </ClCompile>
    <ClCompile Include="GeneratedFiles\Release\moc_SMMainWindow.cpp">
      <Filter>Generated Files\Release</Filter>
    </ClCompile>
    <ClCompile Include="MeshViewer.cpp">
      <Filter>Source Files</Filter>
    </ClCompile>
    <ClCompile Include="GeneratedFiles\Debug\moc_MeshViewer.cpp">
      <Filter>Generated Files\Debug</Filter>
    </ClCompile>
    <ClCompile Include="GeneratedFiles\Release\moc_MeshViewer.cpp">
      <Filter>Generated Files\Release</Filter>
    </ClCompile>
    <ClCompile Include="SphereMesh.cpp">
      <Filter>Source Files</Filter>
    </ClCompile>
    <ClCompile Include="..\..\extern\wrap\ply\plylib.cpp">
      <Filter>Source Files</Filter>
    </ClCompile>
  </ItemGroup>
  <ItemGroup>
    <CustomBuild Include="SMMainWindow.h">
      <Filter>Header Files</Filter>
    </CustomBuild>
    <CustomBuild Include="SMMainWindow.ui">
      <Filter>Form Files</Filter>
    </CustomBuild>
    <CustomBuild Include="MeshViewer.h">
      <Filter>Header Files</Filter>
    </CustomBuild>
  </ItemGroup>
  <ItemGroup>
    <ClInclude Include="GeneratedFiles\ui_SMMainWindow.h">
      <Filter>Generated Files</Filter>
    </ClInclude>
    <ClInclude Include="SphereMesh.h">
      <Filter>Header Files</Filter>
    </ClInclude>
    <ClInclude Include="..\..\extern\wrap\io_trimesh\additionalinfo.h">
      <Filter>Header Files</Filter>
    </ClInclude>
    <ClInclude Include="..\..\extern\wrap\io_trimesh\export.h">
      <Filter>Header Files</Filter>
    </ClInclude>
    <ClInclude Include="..\..\extern\wrap\io_trimesh\export_3ds.h">
      <Filter>Header Files</Filter>
    </ClInclude>
    <ClInclude Include="..\..\extern\wrap\io_trimesh\export_ctm.h">
      <Filter>Header Files</Filter>
    </ClInclude>
    <ClInclude Include="..\..\extern\wrap\io_trimesh\export_dae.h">
      <Filter>Header Files</Filter>
    </ClInclude>
    <ClInclude Include="..\..\extern\wrap\io_trimesh\export_dxf.h">
      <Filter>Header Files</Filter>
    </ClInclude>
    <ClInclude Include="..\..\extern\wrap\io_trimesh\export_fbx.h">
      <Filter>Header Files</Filter>
    </ClInclude>
    <ClInclude Include="..\..\extern\wrap\io_trimesh\export_field.h">
      <Filter>Header Files</Filter>
    </ClInclude>
    <ClInclude Include="..\..\extern\wrap\io_trimesh\export_gts.h">
      <Filter>Header Files</Filter>
    </ClInclude>
    <ClInclude Include="..\..\extern\wrap\io_trimesh\export_idtf.h">
      <Filter>Header Files</Filter>
    </ClInclude>
    <ClInclude Include="..\..\extern\wrap\io_trimesh\export_iv.h">
      <Filter>Header Files</Filter>
    </ClInclude>
    <ClInclude Include="..\..\extern\wrap\io_trimesh\export_obj.h">
      <Filter>Header Files</Filter>
    </ClInclude>
    <ClInclude Include="..\..\extern\wrap\io_trimesh\export_off.h">
      <Filter>Header Files</Filter>
    </ClInclude>
    <ClInclude Include="..\..\extern\wrap\io_trimesh\export_ply.h">
      <Filter>Header Files</Filter>
    </ClInclude>
    <ClInclude Include="..\..\extern\wrap\io_trimesh\export_smf.h">
      <Filter>Header Files</Filter>
    </ClInclude>
    <ClInclude Include="..\..\extern\wrap\io_trimesh\export_stl.h">
      <Filter>Header Files</Filter>
    </ClInclude>
    <ClInclude Include="..\..\extern\wrap\io_trimesh\export_u3d.h">
      <Filter>Header Files</Filter>
    </ClInclude>
    <ClInclude Include="..\..\extern\wrap\io_trimesh\export_vmi.h">
      <Filter>Header Files</Filter>
    </ClInclude>
    <ClInclude Include="..\..\extern\wrap\io_trimesh\export_vrml.h">
      <Filter>Header Files</Filter>
    </ClInclude>
    <ClInclude Include="..\..\extern\wrap\io_trimesh\import.h">
      <Filter>Header Files</Filter>
    </ClInclude>
    <ClInclude Include="..\..\extern\wrap\io_trimesh\import_asc.h">
      <Filter>Header Files</Filter>
    </ClInclude>
    <ClInclude Include="..\..\extern\wrap\io_trimesh\import_ctm.h">
      <Filter>Header Files</Filter>
    </ClInclude>
    <ClInclude Include="..\..\extern\wrap\io_trimesh\import_dae.h">
      <Filter>Header Files</Filter>
    </ClInclude>
    <ClInclude Include="..\..\extern\wrap\io_trimesh\import_fbx.h">
      <Filter>Header Files</Filter>
    </ClInclude>
    <ClInclude Include="..\..\extern\wrap\io_trimesh\import_field.h">
      <Filter>Header Files</Filter>
    </ClInclude>
    <ClInclude Include="..\..\extern\wrap\io_trimesh\import_gts.h">
      <Filter>Header Files</Filter>
    </ClInclude>
    <ClInclude Include="..\..\extern\wrap\io_trimesh\import_nvm.h">
      <Filter>Header Files</Filter>
    </ClInclude>
    <ClInclude Include="..\..\extern\wrap\io_trimesh\import_obj.h">
      <Filter>Header Files</Filter>
    </ClInclude>
    <ClInclude Include="..\..\extern\wrap\io_trimesh\import_off.h">
      <Filter>Header Files</Filter>
    </ClInclude>
    <ClInclude Include="..\..\extern\wrap\io_trimesh\import_out.h">
      <Filter>Header Files</Filter>
    </ClInclude>
    <ClInclude Include="..\..\extern\wrap\io_trimesh\import_ply.h">
      <Filter>Header Files</Filter>
    </ClInclude>
    <ClInclude Include="..\..\extern\wrap\io_trimesh\import_ptx.h">
      <Filter>Header Files</Filter>
    </ClInclude>
    <ClInclude Include="..\..\extern\wrap\io_trimesh\import_raw.h">
      <Filter>Header Files</Filter>
    </ClInclude>
    <ClInclude Include="..\..\extern\wrap\io_trimesh\import_smf.h">
      <Filter>Header Files</Filter>
    </ClInclude>
    <ClInclude Include="..\..\extern\wrap\io_trimesh\import_stl.h">
      <Filter>Header Files</Filter>
    </ClInclude>
    <ClInclude Include="..\..\extern\wrap\io_trimesh\import_vmi.h">
      <Filter>Header Files</Filter>
    </ClInclude>
    <ClInclude Include="..\..\extern\wrap\io_trimesh\io_fan_tessellator.h">
      <Filter>Header Files</Filter>
    </ClInclude>
    <ClInclude Include="..\..\extern\wrap\io_trimesh\io_mask.h">
      <Filter>Header Files</Filter>
    </ClInclude>
    <ClInclude Include="..\..\extern\wrap\io_trimesh\io_material.h">
      <Filter>Header Files</Filter>
    </ClInclude>
    <ClInclude Include="..\..\extern\wrap\io_trimesh\io_ply.h">
      <Filter>Header Files</Filter>
    </ClInclude>
    <ClInclude Include="..\..\extern\wrap\io_trimesh\precision.h">
      <Filter>Header Files</Filter>
    </ClInclude>
    <ClInclude Include="..\..\extern\wrap\ply\plylib.h">
      <Filter>Header Files</Filter>
    </ClInclude>
    <ClInclude Include="..\..\extern\wrap\ply\plystuff.h">
      <Filter>Header Files</Filter>
    </ClInclude>
  </ItemGroup>
  <ItemGroup>
    <None Include="..\..\extern\wrap\io_trimesh\how_to_write_an_io_filter.txt" />
  </ItemGroup>
</Project>